
Microsoft Visual Studio Solution File, Format Version 12.00
# Visual Studio 15
VisualStudioVersion = 15.0.27004.2010
MinimumVisualStudioVersion = 10.0.40219.1
Project("{9A19103F-16F7-4668-BE54-9A1E7A4F7556}") = "CLI", "CLI\CLI.csproj", "{E57DFD2D-E683-4A60-B527-F779636ECB5A}"
EndProject
Project("{FAE04EC0-301F-11D3-BF4B-00C04F79EFBC}") = "CLI.Test", "CLI.Test\CLI.Test.csproj", "{95C64030-49EB-45AE-8838-5AC67DD885E6}"
EndProject
Global
	GlobalSection(SolutionConfigurationPlatforms) = preSolution
		Debug|Any CPU = Debug|Any CPU
		Release|Any CPU = Release|Any CPU
	EndGlobalSection
	GlobalSection(ProjectConfigurationPlatforms) = postSolution
		{E57DFD2D-E683-4A60-B527-F779636ECB5A}.Debug|Any CPU.ActiveCfg = Debug|Any CPU
		{E57DFD2D-E683-4A60-B527-F779636ECB5A}.Debug|Any CPU.Build.0 = Debug|Any CPU
		{E57DFD2D-E683-4A60-B527-F779636ECB5A}.Release|Any CPU.ActiveCfg = Release|Any CPU
		{E57DFD2D-E683-4A60-B527-F779636ECB5A}.Release|Any CPU.Build.0 = Release|Any CPU
		{95C64030-49EB-45AE-8838-5AC67DD885E6}.Debug|Any CPU.ActiveCfg = Debug|Any CPU
		{95C64030-49EB-45AE-8838-5AC67DD885E6}.Debug|Any CPU.Build.0 = Debug|Any CPU
		{95C64030-49EB-45AE-8838-5AC67DD885E6}.Release|Any CPU.ActiveCfg = Release|Any CPU
		{95C64030-49EB-45AE-8838-5AC67DD885E6}.Release|Any CPU.Build.0 = Release|Any CPU
	EndGlobalSection
	GlobalSection(SolutionProperties) = preSolution
		HideSolutionNode = FALSE
	EndGlobalSection
	GlobalSection(ExtensibilityGlobals) = postSolution
		SolutionGuid = {A3FD377D-5103-428C-BF22-05E703E1301C}
	EndGlobalSection
EndGlobal
